
Microsoft Visual Studio Solution File, Format Version 12.00
# Visual Studio Version 16
VisualStudioVersion = 16.0.29613.14
MinimumVisualStudioVersion = 10.0.40219.1
Project("{FAE04EC0-301F-11D3-BF4B-00C04F79EFBC}") = "Geometri Arv", "Geometri Arv\Geometri Arv.csproj", "{4214BA6D-80E1-4989-B82F-0CAD996110C5}"
EndProject
Global
	GlobalSection(SolutionConfigurationPlatforms) = preSolution
		Debug|Any CPU = Debug|Any CPU
		Release|Any CPU = Release|Any CPU
	EndGlobalSection
	GlobalSection(ProjectConfigurationPlatforms) = postSolution
		{4214BA6D-80E1-4989-B82F-0CAD996110C5}.Debug|Any CPU.ActiveCfg = Debug|Any CPU
		{4214BA6D-80E1-4989-B82F-0CAD996110C5}.Debug|Any CPU.Build.0 = Debug|Any CPU
		{4214BA6D-80E1-4989-B82F-0CAD996110C5}.Release|Any CPU.ActiveCfg = Release|Any CPU
		{4214BA6D-80E1-4989-B82F-0CAD996110C5}.Release|Any CPU.Build.0 = Release|Any CPU
	EndGlobalSection
	GlobalSection(SolutionProperties) = preSolution
		HideSolutionNode = FALSE
	EndGlobalSection
	GlobalSection(ExtensibilityGlobals) = postSolution
		SolutionGuid = {1CB1C0EB-17B2-41FC-A4D2-27655C01BE33}
	EndGlobalSection
EndGlobal
